
Microsoft Visual Studio Solution File, Format Version 12.00
# Visual Studio Version 17
VisualStudioVersion = 17.7.33906.173
MinimumVisualStudioVersion = 10.0.40219.1
Project("{9A19103F-16F7-4668-BE54-9A1E7A4F7556}") = "ShowEV", "ShowEV\ShowEV.csproj", "{17467BE6-BF01-4EE3-911A-91845BA604A8}"
EndProject
Global
	GlobalSection(SolutionConfigurationPlatforms) = preSolution
		Debug|x64 = Debug|x64
		Release|x64 = Release|x64
	EndGlobalSection
	GlobalSection(ProjectConfigurationPlatforms) = postSolution
		{17467BE6-BF01-4EE3-911A-91845BA604A8}.Debug|x64.ActiveCfg = Debug|x64
		{17467BE6-BF01-4EE3-911A-91845BA604A8}.Debug|x64.Build.0 = Debug|x64
		{17467BE6-BF01-4EE3-911A-91845BA604A8}.Release|x64.ActiveCfg = Release|x64
		{17467BE6-BF01-4EE3-911A-91845BA604A8}.Release|x64.Build.0 = Release|x64
	EndGlobalSection
	GlobalSection(SolutionProperties) = preSolution
		HideSolutionNode = FALSE
	EndGlobalSection
	GlobalSection(ExtensibilityGlobals) = postSolution
		SolutionGuid = {B47146C1-81BB-4262-A234-42E5B7DF8338}
	EndGlobalSection
EndGlobal
